
Microsoft Visual Studio Solution File, Format Version 12.00
# Visual Studio Version 17
VisualStudioVersion = 17.2.32630.192
MinimumVisualStudioVersion = 10.0.40219.1
Project("{9A19103F-16F7-4668-BE54-9A1E7A4F7556}") = "HSS_API_Store_SDK", "HSS_API_Store_SDK\HSS_API_Store_SDK.csproj", "{20CFB4B4-FC80-4644-A952-AA12C5DBBF81}"
EndProject
Project("{FAE04EC0-301F-11D3-BF4B-00C04F79EFBC}") = "HSS_API_Store_SDK_UnitTests", "HSS_API_Store_SDK_UnitTests\HSS_API_Store_SDK_UnitTests.csproj", "{C6FA021C-96BA-4ECC-BA11-AEBA54439807}"
EndProject
Global
	GlobalSection(SolutionConfigurationPlatforms) = preSolution
		Debug|Any CPU = Debug|Any CPU
		Release|Any CPU = Release|Any CPU
	EndGlobalSection
	GlobalSection(ProjectConfigurationPlatforms) = postSolution
		{20CFB4B4-FC80-4644-A952-AA12C5DBBF81}.Debug|Any CPU.ActiveCfg = Debug|Any CPU
		{20CFB4B4-FC80-4644-A952-AA12C5DBBF81}.Debug|Any CPU.Build.0 = Debug|Any CPU
		{20CFB4B4-FC80-4644-A952-AA12C5DBBF81}.Release|Any CPU.ActiveCfg = Release|Any CPU
		{20CFB4B4-FC80-4644-A952-AA12C5DBBF81}.Release|Any CPU.Build.0 = Release|Any CPU
		{C6FA021C-96BA-4ECC-BA11-AEBA54439807}.Debug|Any CPU.ActiveCfg = Debug|Any CPU
		{C6FA021C-96BA-4ECC-BA11-AEBA54439807}.Debug|Any CPU.Build.0 = Debug|Any CPU
		{C6FA021C-96BA-4ECC-BA11-AEBA54439807}.Release|Any CPU.ActiveCfg = Release|Any CPU
		{C6FA021C-96BA-4ECC-BA11-AEBA54439807}.Release|Any CPU.Build.0 = Release|Any CPU
	EndGlobalSection
	GlobalSection(SolutionProperties) = preSolution
		HideSolutionNode = FALSE
	EndGlobalSection
	GlobalSection(ExtensibilityGlobals) = postSolution
		SolutionGuid = {A650746A-8956-4D33-B90C-4DDD0FE0AA73}
	EndGlobalSection
EndGlobal
